
Microsoft Visual Studio Solution File, Format Version 12.00
# Visual Studio 15
VisualStudioVersion = 15.0.28307.489
MinimumVisualStudioVersion = 10.0.40219.1
Project("{FAE04EC0-301F-11D3-BF4B-00C04F79EFBC}") = "Test", "Test\Test.csproj", "{4BF40944-E49A-4206-A16E-8B0C1975F071}"
EndProject
Project("{FAE04EC0-301F-11D3-BF4B-00C04F79EFBC}") = "ConsoleApp", "ConsoleApp\ConsoleApp.csproj", "{8B371C6E-DECC-41DD-BB52-106784C05DD7}"
	ProjectSection(ProjectDependencies) = postProject
		{4BF40944-E49A-4206-A16E-8B0C1975F071} = {4BF40944-E49A-4206-A16E-8B0C1975F071}
	EndProjectSection
EndProject
Global
	GlobalSection(SolutionConfigurationPlatforms) = preSolution
		Debug|Any CPU = Debug|Any CPU
		Release|Any CPU = Release|Any CPU
	EndGlobalSection
	GlobalSection(ProjectConfigurationPlatforms) = postSolution
		{4BF40944-E49A-4206-A16E-8B0C1975F071}.Debug|Any CPU.ActiveCfg = Debug|Any CPU
		{4BF40944-E49A-4206-A16E-8B0C1975F071}.Debug|Any CPU.Build.0 = Debug|Any CPU
		{4BF40944-E49A-4206-A16E-8B0C1975F071}.Release|Any CPU.ActiveCfg = Release|Any CPU
		{4BF40944-E49A-4206-A16E-8B0C1975F071}.Release|Any CPU.Build.0 = Release|Any CPU
		{8B371C6E-DECC-41DD-BB52-106784C05DD7}.Debug|Any CPU.ActiveCfg = Debug|Any CPU
		{8B371C6E-DECC-41DD-BB52-106784C05DD7}.Debug|Any CPU.Build.0 = Debug|Any CPU
		{8B371C6E-DECC-41DD-BB52-106784C05DD7}.Release|Any CPU.ActiveCfg = Release|Any CPU
		{8B371C6E-DECC-41DD-BB52-106784C05DD7}.Release|Any CPU.Build.0 = Release|Any CPU
	EndGlobalSection
	GlobalSection(SolutionProperties) = preSolution
		HideSolutionNode = FALSE
	EndGlobalSection
	GlobalSection(ExtensibilityGlobals) = postSolution
		SolutionGuid = {06A49576-B1A0-418D-9F79-215E7AB23AC9}
	EndGlobalSection
EndGlobal
